PODS:
  - lottie-ios (4.5.1)
  - OpenAISwift (1.3.0)

DEPENDENCIES:
  - lottie-ios
  - OpenAISwift

SPEC REPOS:
  trunk:
    - lottie-ios
    - OpenAISwift

SPEC CHECKSUMS:
  lottie-ios: 248b380fa1b97d18e792c37d90da7ab2aa0d6562
  OpenAISwift: 9447a77c8098754f5fa61b9f6e8ab9e2ce592fbd

PODFILE CHECKSUM: ad1a6bdcabda57abcdd822fb282ac04cd74aa2b8

COCOAPODS: 1.16.2
