{
  "originHash" : "5a4e3ffd57e8a5ffb375261b424f5da2d9255f7c538f889457ce66d81f3676f6",
  "pins" : [
    {
      "identity" : "lottie-spm",
      "kind" : "remoteSourceControl",
      "location" : "https://github.com/airbnb/lottie-spm.git",
      "state" : {
        "revision" : "8c6edf4f0fa84fe9c058600a4295eb0c01661c69",
        "version" : "4.5.1"
      }
    },
    {
      "identity" : "swiftopenai",
      "kind" : "remoteSourceControl",
      "location" : "https://github.com/SwiftBeta/SwiftOpenAI",
      "state" : {
        "revision" : "b316788cf0e6584cc730d8231112dd2c76458713",
        "version" : "1.9.0"
      }
    }
  ],
  "version" : 3
}
